%{
  "benchwarmer": {:hex, :benchwarmer, "0.0.2", "902e5c020608647b07c38b82103e4af6d2667dfd5d5d13c67382238de6943136", [:mix], [], "hexpm", "8b98b39c1c50df624f9c2d13ca953eeed465eed6feda975da26b479df2b4c9f5"},
  "cerlc": {:git, "https://github.com/mdsebald/cerlc.git", "b2039de0aadc1964992a8016857468210dc66686", [tag: "main"]},
  "crc": {:hex, :crc, "0.10.1", "87a0478e5a930926f1062397c9eb32d981f6b3abbc352d6d6fecf45a1725b249", [:mix, :rebar3], [{:elixir_make, "~> 0.6", [hex: :elixir_make, repo: "hexpm", optional: false]}], "hexpm", "ed3a9a673d4726fd12d6f58811f014e33cb3926b28f9639b12456ccb241d0f9b"},
  "crc32cer": {:hex, :crc32cer, "0.1.10", "fb87abbf34b72f180f8c3a908cd1826c6cb9a59787d156a29e05de9e98be385e", [:rebar3], [], "hexpm", "5b1f47efd0a1b4b7411f1f35e14d3c8c6da6e6a2a725ec8f2cf1ab13703e5f38"},
  "elixir_make": {:hex, :elixir_make, "0.6.1", "8faa29a5597faba999aeeb72bbb9c91694ef8068f0131192fb199f98d32994ef", [:mix], [], "hexpm", "35d33270680f8d839a4003c3e9f43afb595310a592405a00afc12de4c7f55a18"},
}
